
Microsoft Visual Studio Solution File, Format Version 12.00
# Visual Studio 15
VisualStudioVersion = 15.0.28307.421
MinimumVisualStudioVersion = 10.0.40219.1
Project("{FAE04EC0-301F-11D3-BF4B-00C04F79EFBC}") = "WebAppTesting", "WebAppTesting\WebAppTesting.csproj", "{0BA8BBC1-9A3C-489A-9122-FA2C217206EF}"
EndProject
Global
	GlobalSection(SolutionConfigurationPlatforms) = preSolution
		Debug|Any CPU = Debug|Any CPU
		Release|Any CPU = Release|Any CPU
	EndGlobalSection
	GlobalSection(ProjectConfigurationPlatforms) = postSolution
		{0BA8BBC1-9A3C-489A-9122-FA2C217206EF}.Debug|Any CPU.ActiveCfg = Debug|Any CPU
		{0BA8BBC1-9A3C-489A-9122-FA2C217206EF}.Debug|Any CPU.Build.0 = Debug|Any CPU
		{0BA8BBC1-9A3C-489A-9122-FA2C217206EF}.Release|Any CPU.ActiveCfg = Release|Any CPU
		{0BA8BBC1-9A3C-489A-9122-FA2C217206EF}.Release|Any CPU.Build.0 = Release|Any CPU
	EndGlobalSection
	GlobalSection(SolutionProperties) = preSolution
		HideSolutionNode = FALSE
	EndGlobalSection
	GlobalSection(ExtensibilityGlobals) = postSolution
		SolutionGuid = {AC4695D2-256B-4653-93BB-BB4FDEB000D4}
	EndGlobalSection
EndGlobal
